
Microsoft Visual Studio Solution File, Format Version 12.00
# Visual Studio Version 16
VisualStudioVersion = 16.0.28729.10
MinimumVisualStudioVersion = 10.0.40219.1
Project("{FAE04EC0-301F-11D3-BF4B-00C04F79EFBC}") = "MasterMindConsoleApp", "MasterMindConsoleApp\MasterMindConsoleApp.csproj", "{3AD1B888-4865-4C7B-98D2-1B91294662A4}"
EndProject
Global
	GlobalSection(SolutionConfigurationPlatforms) = preSolution
		Debug|Any CPU = Debug|Any CPU
		Release|Any CPU = Release|Any CPU
	EndGlobalSection
	GlobalSection(ProjectConfigurationPlatforms) = postSolution
		{3AD1B888-4865-4C7B-98D2-1B91294662A4}.Debug|Any CPU.ActiveCfg = Debug|Any CPU
		{3AD1B888-4865-4C7B-98D2-1B91294662A4}.Debug|Any CPU.Build.0 = Debug|Any CPU
		{3AD1B888-4865-4C7B-98D2-1B91294662A4}.Release|Any CPU.ActiveCfg = Release|Any CPU
		{3AD1B888-4865-4C7B-98D2-1B91294662A4}.Release|Any CPU.Build.0 = Release|Any CPU
	EndGlobalSection
	GlobalSection(SolutionProperties) = preSolution
		HideSolutionNode = FALSE
	EndGlobalSection
	GlobalSection(ExtensibilityGlobals) = postSolution
		SolutionGuid = {D01E4619-FCE2-4759-8134-FEAAF3A37799}
	EndGlobalSection
EndGlobal
